<?xml version="1.0" encoding="utf-8"?>
<Project ToolsVersion="4.0" xmlns="http://schemas.microsoft.com/developer/msbuild/2003">
  <ItemGroup>
    <Filter Include="Source Files">
      <UniqueIdentifier>{4FC737F1-C7A5-4376-A066-2A32D752A2FF}</UniqueIdentifier>
      <Extensions>cpp;c;cc;cxx;c++;cppm;ixx;def;odl;idl;hpj;bat;asm;asmx</Extensions>
    </Filter>
    <Filter Include="Header Files">
      <UniqueIdentifier>{93995380-89BD-4b04-88EB-625FBE52EBFB}</UniqueIdentifier>
      <Extensions>h;hh;hpp;hxx;h++;hm;inl;inc;ipp;xsd</Extensions>
    </Filter>
    <Filter Include="Header Files\1_Core">
      <UniqueIdentifier>{0e818047-1495-4ed4-8d8d-6bc6c9883db8}</UniqueIdentifier>
    </Filter>
    <Filter Include="Header Files\2_GameCharacters">
      <UniqueIdentifier>{b0777ebc-d6ec-4908-9b88-1891c0bf4c97}</UniqueIdentifier>
    </Filter>
    <Filter Include="Header Files\3_Levels">
      <UniqueIdentifier>{17efd416-77d3-4224-adc4-fe2ff8bc6d7f}</UniqueIdentifier>
    </Filter>
    <Filter Include="Source Files\1_Core">
      <UniqueIdentifier>{0ce5d0c9-c80a-4f1b-a0a4-02cc2500aba7}</UniqueIdentifier>
    </Filter>
    <Filter Include="Source Files\2_GameCharacters">
      <UniqueIdentifier>{fff43eb2-ae97-40d6-8f74-f2df53a17ca3}</UniqueIdentifier>
    </Filter>
    <Filter Include="Source Files\3_Levels">
      <UniqueIdentifier>{68e1fb3a-28d2-4b9d-9f10-740ee8b149ef}</UniqueIdentifier>
    </Filter>
    <Filter Include="Header Files\4_Managers">
      <UniqueIdentifier>{ef84ba4f-444a-4c6b-af55-ea8c1fa5c419}</UniqueIdentifier>
    </Filter>
    <Filter Include="Source Files\4_Managers">
      <UniqueIdentifier>{e24a8a5d-a881-4b1c-bd19-ed850f474881}</UniqueIdentifier>
    </Filter>
    <Filter Include="Header Files\5_Components">
      <UniqueIdentifier>{1d1bf976-82b8-4c75-94f7-7edd5979fa44}</UniqueIdentifier>
    </Filter>
    <Filter Include="Header Files\Base_Classes">
      <UniqueIdentifier>{b60f8c68-fdc2-405c-9a89-701747a7fa89}</UniqueIdentifier>
    </Filter>
    <Filter Include="Source Files\1_Core\Resource Files">
      <UniqueIdentifier>{67DA6AB6-F800-4c08-8B7A-83BB121AAD01}</UniqueIdentifier>
      <Extensions>rc;ico;cur;bmp;dlg;rc2;rct;bin;rgs;gif;jpg;jpeg;jpe;resx;tiff;tif;png;wav;mfcribbon-ms</Extensions>
    </Filter>
  </ItemGroup>
  <ItemGroup>
    <ClCompile Include="main.cpp">
      <Filter>Source Files</Filter>
    </ClCompile>
    <ClCompile Include="CEngine.cpp">
      <Filter>Source Files\1_Core</Filter>
    </ClCompile>
    <ClCompile Include="CBackGround.cpp">
      <Filter>Source Files\2_GameCharacters</Filter>
    </ClCompile>
    <ClCompile Include="CEnergy.cpp">
      <Filter>Source Files\2_GameCharacters</Filter>
    </ClCompile>
    <ClCompile Include="CMeteors.cpp">
      <Filter>Source Files\2_GameCharacters</Filter>
    </ClCompile>
    <ClCompile Include="CLevels.cpp">
      <Filter>Source Files\3_Levels</Filter>
    </ClCompile>
    <ClCompile Include="CMenu.cpp">
      <Filter>Source Files\3_Levels</Filter>
    </ClCompile>
    <ClCompile Include="CTextureManager.cpp">
      <Filter>Source Files\4_Managers</Filter>
    </ClCompile>
    <ClCompile Include="CMainCharacter.cpp">
      <Filter>Source Files\2_GameCharacters</Filter>
    </ClCompile>
    <ClCompile Include="CLaserGun.cpp">
      <Filter>Source Files\2_GameCharacters</Filter>
    </ClCompile>
    <ClCompile Include="CSoundManager.cpp">
      <Filter>Source Files\4_Managers</Filter>
    </ClCompile>
    <ClCompile Include="CCollisionManager.cpp">
      <Filter>Source Files\4_Managers</Filter>
    </ClCompile>
    <ClCompile Include="CFontTexture.cpp">
      <Filter>Source Files\4_Managers</Filter>
    </ClCompile>
    <ClCompile Include="CAlien.cpp">
      <Filter>Source Files\2_GameCharacters</Filter>
    </ClCompile>
  </ItemGroup>
  <ItemGroup>
    <ClInclude Include="CEngine.h">
      <Filter>Header Files\1_Core</Filter>
    </ClInclude>
    <ClInclude Include="CEnergy.h">
      <Filter>Header Files\2_GameCharacters</Filter>
    </ClInclude>
    <ClInclude Include="CMainCharacter.h">
      <Filter>Header Files\2_GameCharacters</Filter>
    </ClInclude>
    <ClInclude Include="CMeteors.h">
      <Filter>Header Files\2_GameCharacters</Filter>
    </ClInclude>
    <ClInclude Include="CBackGround.h">
      <Filter>Header Files\2_GameCharacters</Filter>
    </ClInclude>
    <ClInclude Include="CTextureManager.h">
      <Filter>Header Files\4_Managers</Filter>
    </ClInclude>
    <ClInclude Include="CLevels.h">
      <Filter>Header Files\3_Levels</Filter>
    </ClInclude>
    <ClInclude Include="CMenu.h">
      <Filter>Header Files\3_Levels</Filter>
    </ClInclude>
    <ClInclude Include="CSoundManager.h">
      <Filter>Header Files\4_Managers</Filter>
    </ClInclude>
    <ClInclude Include="CCollisionManager.h">
      <Filter>Header Files\4_Managers</Filter>
    </ClInclude>
    <ClInclude Include="CFontTexture.h">
      <Filter>Header Files\4_Managers</Filter>
    </ClInclude>
    <ClInclude Include="CAlien.h">
      <Filter>Header Files\2_GameCharacters</Filter>
    </ClInclude>
    <ClInclude Include="CLaserGun.h">
      <Filter>Header Files\5_Components</Filter>
    </ClInclude>
    <ClInclude Include="CAlienLaserBeam.h">
      <Filter>Header Files\5_Components</Filter>
    </ClInclude>
    <ClInclude Include="IObject.h">
      <Filter>Header Files\Base_Classes</Filter>
    </ClInclude>
    <ClInclude Include="CEnemy.h">
      <Filter>Header Files\Base_Classes</Filter>
    </ClInclude>
    <ClInclude Include="CComponent.h">
      <Filter>Header Files\Base_Classes</Filter>
    </ClInclude>
  </ItemGroup>
</Project>